
Microsoft Visual Studio Solution File, Format Version 12.00
# Visual Studio Version 16
VisualStudioVersion = 16.0.31313.79
MinimumVisualStudioVersion = 10.0.40219.1
Project("{FAE04EC0-301F-11D3-BF4B-00C04F79EFBC}") = "CarTax", "CarTax\CarTax.csproj", "{7E72CD28-B2A1-4D07-BE44-F66D15B5527B}"
EndProject
Global
	GlobalSection(SolutionConfigurationPlatforms) = preSolution
		Debug|Any CPU = Debug|Any CPU
		Release|Any CPU = Release|Any CPU
	EndGlobalSection
	GlobalSection(ProjectConfigurationPlatforms) = postSolution
		{7E72CD28-B2A1-4D07-BE44-F66D15B5527B}.Debug|Any CPU.ActiveCfg = Debug|Any CPU
		{7E72CD28-B2A1-4D07-BE44-F66D15B5527B}.Debug|Any CPU.Build.0 = Debug|Any CPU
		{7E72CD28-B2A1-4D07-BE44-F66D15B5527B}.Release|Any CPU.ActiveCfg = Release|Any CPU
		{7E72CD28-B2A1-4D07-BE44-F66D15B5527B}.Release|Any CPU.Build.0 = Release|Any CPU
	EndGlobalSection
	GlobalSection(SolutionProperties) = preSolution
		HideSolutionNode = FALSE
	EndGlobalSection
	GlobalSection(ExtensibilityGlobals) = postSolution
		SolutionGuid = {B384A69D-2168-4A47-9D70-2655559CA71B}
	EndGlobalSection
EndGlobal
